
Microsoft Visual Studio Solution File, Format Version 12.00
# Visual Studio Version 16
VisualStudioVersion = 16.0.29209.62
MinimumVisualStudioVersion = 10.0.40219.1
Project("{FAE04EC0-301F-11D3-BF4B-00C04F79EFBC}") = "TUDUprototype", "TUDUprototype\TUDUprototype.csproj", "{3977FAD8-62E2-492B-BF06-CA9A2894D087}"
EndProject
Global
	GlobalSection(SolutionConfigurationPlatforms) = preSolution
		Debug|Any CPU = Debug|Any CPU
		Release|Any CPU = Release|Any CPU
	EndGlobalSection
	GlobalSection(ProjectConfigurationPlatforms) = postSolution
		{3977FAD8-62E2-492B-BF06-CA9A2894D087}.Debug|Any CPU.ActiveCfg = Debug|Any CPU
		{3977FAD8-62E2-492B-BF06-CA9A2894D087}.Debug|Any CPU.Build.0 = Debug|Any CPU
		{3977FAD8-62E2-492B-BF06-CA9A2894D087}.Release|Any CPU.ActiveCfg = Release|Any CPU
		{3977FAD8-62E2-492B-BF06-CA9A2894D087}.Release|Any CPU.Build.0 = Release|Any CPU
	EndGlobalSection
	GlobalSection(SolutionProperties) = preSolution
		HideSolutionNode = FALSE
	EndGlobalSection
	GlobalSection(ExtensibilityGlobals) = postSolution
		SolutionGuid = {B3C3D113-2145-4FD0-88C1-07A7BD9EC62E}
	EndGlobalSection
EndGlobal
